
Microsoft Visual Studio Solution File, Format Version 12.00
# Visual Studio 14
VisualStudioVersion = 14.0.24720.0
MinimumVisualStudioVersion = 10.0.40219.1
Project("{8BC9CEB8-8B4A-11D0-8D11-00A0C91BC942}") = "DGame", "DGame\DGame.vcxproj", "{604B5BEE-440B-49F3-9713-6CA98F2BD9FA}"
EndProject
Global
	GlobalSection(SolutionConfigurationPlatforms) = preSolution
		Debug|x64 = Debug|x64
		Debug|x86 = Debug|x86
		Release|x64 = Release|x64
		Release|x86 = Release|x86
	EndGlobalSection
	GlobalSection(ProjectConfigurationPlatforms) = postSolution
		{604B5BEE-440B-49F3-9713-6CA98F2BD9FA}.Debug|x64.ActiveCfg = Debug|x64
		{604B5BEE-440B-49F3-9713-6CA98F2BD9FA}.Debug|x64.Build.0 = Debug|x64
		{604B5BEE-440B-49F3-9713-6CA98F2BD9FA}.Debug|x86.ActiveCfg = Debug|Win32
		{604B5BEE-440B-49F3-9713-6CA98F2BD9FA}.Debug|x86.Build.0 = Debug|Win32
		{604B5BEE-440B-49F3-9713-6CA98F2BD9FA}.Release|x64.ActiveCfg = Release|x64
		{604B5BEE-440B-49F3-9713-6CA98F2BD9FA}.Release|x64.Build.0 = Release|x64
		{604B5BEE-440B-49F3-9713-6CA98F2BD9FA}.Release|x86.ActiveCfg = Release|Win32
		{604B5BEE-440B-49F3-9713-6CA98F2BD9FA}.Release|x86.Build.0 = Release|Win32
	EndGlobalSection
	GlobalSection(SolutionProperties) = preSolution
		HideSolutionNode = FALSE
	EndGlobalSection
EndGlobal
